
Microsoft Visual Studio Solution File, Format Version 12.00
# Visual Studio Version 16
VisualStudioVersion = 16.0.30517.126
MinimumVisualStudioVersion = 10.0.40219.1
Project("{FAE04EC0-301F-11D3-BF4B-00C04F79EFBC}") = "MachineLearningTest", "MachineLearningTest\MachineLearningTest.csproj", "{B8FAAB37-A73A-4F7F-A2AE-2C4057A5354F}"
EndProject
Project("{9A19103F-16F7-4668-BE54-9A1E7A4F7556}") = "MachineLearningTestML.Model", "MachineLearningTestML.Model\MachineLearningTestML.Model.csproj", "{58AF45D4-AD43-4E61-A7A6-01BB8AF1156E}"
EndProject
Project("{9A19103F-16F7-4668-BE54-9A1E7A4F7556}") = "MachineLearningTestML.ConsoleApp", "MachineLearningTestML.ConsoleApp\MachineLearningTestML.ConsoleApp.csproj", "{D89013CF-83B6-4F8D-8019-11E991751049}"
EndProject
Global
	GlobalSection(SolutionConfigurationPlatforms) = preSolution
		Debug|Any CPU = Debug|Any CPU
		Release|Any CPU = Release|Any CPU
	EndGlobalSection
	GlobalSection(ProjectConfigurationPlatforms) = postSolution
		{B8FAAB37-A73A-4F7F-A2AE-2C4057A5354F}.Debug|Any CPU.ActiveCfg = Debug|Any CPU
		{B8FAAB37-A73A-4F7F-A2AE-2C4057A5354F}.Debug|Any CPU.Build.0 = Debug|Any CPU
		{B8FAAB37-A73A-4F7F-A2AE-2C4057A5354F}.Release|Any CPU.ActiveCfg = Release|Any CPU
		{B8FAAB37-A73A-4F7F-A2AE-2C4057A5354F}.Release|Any CPU.Build.0 = Release|Any CPU
		{58AF45D4-AD43-4E61-A7A6-01BB8AF1156E}.Debug|Any CPU.ActiveCfg = Debug|Any CPU
		{58AF45D4-AD43-4E61-A7A6-01BB8AF1156E}.Debug|Any CPU.Build.0 = Debug|Any CPU
		{58AF45D4-AD43-4E61-A7A6-01BB8AF1156E}.Release|Any CPU.ActiveCfg = Release|Any CPU
		{58AF45D4-AD43-4E61-A7A6-01BB8AF1156E}.Release|Any CPU.Build.0 = Release|Any CPU
		{D89013CF-83B6-4F8D-8019-11E991751049}.Debug|Any CPU.ActiveCfg = Debug|Any CPU
		{D89013CF-83B6-4F8D-8019-11E991751049}.Debug|Any CPU.Build.0 = Debug|Any CPU
		{D89013CF-83B6-4F8D-8019-11E991751049}.Release|Any CPU.ActiveCfg = Release|Any CPU
		{D89013CF-83B6-4F8D-8019-11E991751049}.Release|Any CPU.Build.0 = Release|Any CPU
	EndGlobalSection
	GlobalSection(SolutionProperties) = preSolution
		HideSolutionNode = FALSE
	EndGlobalSection
	GlobalSection(ExtensibilityGlobals) = postSolution
		SolutionGuid = {C5B97166-DFD0-4CBD-B27C-F8AE52F5F522}
	EndGlobalSection
EndGlobal
